
Microsoft Visual Studio Solution File, Format Version 12.00
# Visual Studio Version 17
VisualStudioVersion = 17.13.35919.96 d17.13
MinimumVisualStudioVersion = 10.0.40219.1
Project("{FAE04EC0-301F-11D3-BF4B-00C04F79EFBC}") = "taitaja9", "taitaja9\taitaja9.csproj", "{BA972293-FE7C-41B2-8E16-C5F653FB4B09}"
EndProject
Global
	GlobalSection(SolutionConfigurationPlatforms) = preSolution
		Debug|Any CPU = Debug|Any CPU
		Release|Any CPU = Release|Any CPU
	EndGlobalSection
	GlobalSection(ProjectConfigurationPlatforms) = postSolution
		{BA972293-FE7C-41B2-8E16-C5F653FB4B09}.Debug|Any CPU.ActiveCfg = Debug|Any CPU
		{BA972293-FE7C-41B2-8E16-C5F653FB4B09}.Debug|Any CPU.Build.0 = Debug|Any CPU
		{BA972293-FE7C-41B2-8E16-C5F653FB4B09}.Release|Any CPU.ActiveCfg = Release|Any CPU
		{BA972293-FE7C-41B2-8E16-C5F653FB4B09}.Release|Any CPU.Build.0 = Release|Any CPU
	EndGlobalSection
	GlobalSection(SolutionProperties) = preSolution
		HideSolutionNode = FALSE
	EndGlobalSection
	GlobalSection(ExtensibilityGlobals) = postSolution
		SolutionGuid = {77B07F51-006D-41F5-9837-DC3DD552739E}
	EndGlobalSection
EndGlobal
